// !$*UTF8*$!
{
	archiveVersion = 1;
	classes = {
	};
	objectVersion = 56;
	objects = {

/* Begin PBXBuildFile section */
		9335DF882A9E449700B36397 /* OpenSans-ExtraBold.ttf in Resources */ = {isa = PBXBuildFile; fileRef = 9335DF872A9E449700B36397 /* OpenSans-ExtraBold.ttf */; };
		9335DF8A2A9E57D300B36397 /* SearchScreen.swift in Sources */ = {isa = PBXBuildFile; fileRef = 9335DF892A9E57D300B36397 /* SearchScreen.swift */; };
		936ABBC62A9A463500A8466B /* OpenSans-Bold.ttf in Resources */ = {isa = PBXBuildFile; fileRef = 936ABBC32A9A463500A8466B /* OpenSans-Bold.ttf */; };
		936ABBC72A9A463500A8466B /* OpenSans-SemiBold.ttf in Resources */ = {isa = PBXBuildFile; fileRef = 936ABBC42A9A463500A8466B /* OpenSans-SemiBold.ttf */; };
		936ABBC82A9A463500A8466B /* OpenSans-Regular.ttf in Resources */ = {isa = PBXBuildFile; fileRef = 936ABBC52A9A463500A8466B /* OpenSans-Regular.ttf */; };
		93E329532A98C9E200991843 /* AppDelegate.swift in Sources */ = {isa = PBXBuildFile; fileRef = 93E329522A98C9E200991843 /* AppDelegate.swift */; };
		93E329552A98C9E200991843 /* SceneDelegate.swift in Sources */ = {isa = PBXBuildFile; fileRef = 93E329542A98C9E200991843 /* SceneDelegate.swift */; };
		93E329572A98C9E200991843 /* ViewController.swift in Sources */ = {isa = PBXBuildFile; fileRef = 93E329562A98C9E200991843 /* ViewController.swift */; };
		93E3295A2A98C9E200991843 /* Main.storyboard in Resources */ = {isa = PBXBuildFile; fileRef = 93E329582A98C9E200991843 /* Main.storyboard */; };
		93E3295C2A98C9E300991843 /* Assets.xcassets in Resources */ = {isa = PBXBuildFile; fileRef = 93E3295B2A98C9E300991843 /* Assets.xcassets */; };
		93E3295F2A98C9E300991843 /* LaunchScreen.storyboard in Resources */ = {isa = PBXBuildFile; fileRef = 93E3295D2A98C9E300991843 /* LaunchScreen.storyboard */; };
		93E3296A2A98C9E400991843 /* MoviesTests.swift in Sources */ = {isa = PBXBuildFile; fileRef = 93E329692A98C9E400991843 /* MoviesTests.swift */; };
		93E329742A98C9E400991843 /* MoviesUITests.swift in Sources */ = {isa = PBXBuildFile; fileRef = 93E329732A98C9E400991843 /* MoviesUITests.swift */; };
		93E329762A98C9E400991843 /* MoviesUITestsLaunchTests.swift in Sources */ = {isa = PBXBuildFile; fileRef = 93E329752A98C9E400991843 /* MoviesUITestsLaunchTests.swift */; };
		93E329832A98CAB200991843 /* MoviesLaunchScreen.swift in Sources */ = {isa = PBXBuildFile; fileRef = 93E329822A98CAB200991843 /* MoviesLaunchScreen.swift */; };
		93E329852A98F3AD00991843 /* Constants.swift in Sources */ = {isa = PBXBuildFile; fileRef = 93E329842A98F3AD00991843 /* Constants.swift */; };
		93E329872A98F45300991843 /* Extensions.swift in Sources */ = {isa = PBXBuildFile; fileRef = 93E329862A98F45300991843 /* Extensions.swift */; };
		93E3298A2A98F56400991843 /* SnapKit in Frameworks */ = {isa = PBXBuildFile; productRef = 93E329892A98F56400991843 /* SnapKit */; };
		93E3298D2A98F81300991843 /* WelcomeScreen.swift in Sources */ = {isa = PBXBuildFile; fileRef = 93E3298C2A98F81300991843 /* WelcomeScreen.swift */; };
/* End PBXBuildFile section */

/* Begin PBXContainerItemProxy section */
		93E329662A98C9E400991843 /* PBXContainerItemProxy */ = {
			isa = PBXContainerItemProxy;
			containerPortal = 93E329472A98C9E200991843 /* Project object */;
			proxyType = 1;
			remoteGlobalIDString = 93E3294E2A98C9E200991843;
			remoteInfo = Movies;
		};
		93E329702A98C9E400991843 /* PBXContainerItemProxy */ = {
			isa = PBXContainerItemProxy;
			containerPortal = 93E329472A98C9E200991843 /* Project object */;
			proxyType = 1;
			remoteGlobalIDString = 93E3294E2A98C9E200991843;
			remoteInfo = Movies;
		};
/* End PBXContainerItemProxy section */

/* Begin PBXFileReference section */
		9335DF872A9E449700B36397 /* OpenSans-ExtraBold.ttf */ = {isa = PBXFileReference; lastKnownFileType = file; path = "OpenSans-ExtraBold.ttf"; sourceTree = "<group>"; };
		9335DF892A9E57D300B36397 /* SearchScreen.swift */ = {isa = PBXFileReference; lastKnownFileType = sourcecode.swift; path = SearchScreen.swift; sourceTree = "<group>"; };
		936ABBC32A9A463500A8466B /* OpenSans-Bold.ttf */ = {isa = PBXFileReference; lastKnownFileType = file; path = "OpenSans-Bold.ttf"; sourceTree = "<group>"; };
		936ABBC42A9A463500A8466B /* OpenSans-SemiBold.ttf */ = {isa = PBXFileReference; lastKnownFileType = file; path = "OpenSans-SemiBold.ttf"; sourceTree = "<group>"; };
		936ABBC52A9A463500A8466B /* OpenSans-Regular.ttf */ = {isa = PBXFileReference; lastKnownFileType = file; path = "OpenSans-Regular.ttf"; sourceTree = "<group>"; };
		93E3294F2A98C9E200991843 /* Movies.app */ = {isa = PBXFileReference; explicitFileType = wrapper.application; includeInIndex = 0; path = Movies.app; sourceTree = BUILT_PRODUCTS_DIR; };
		93E329522A98C9E200991843 /* AppDelegate.swift */ = {isa = PBXFileReference; lastKnownFileType = sourcecode.swift; path = AppDelegate.swift; sourceTree = "<group>"; };
		93E329542A98C9E200991843 /* SceneDelegate.swift */ = {isa = PBXFileReference; lastKnownFileType = sourcecode.swift; path = SceneDelegate.swift; sourceTree = "<group>"; };
		93E329562A98C9E200991843 /* ViewController.swift */ = {isa = PBXFileReference; lastKnownFileType = sourcecode.swift; path = ViewController.swift; sourceTree = "<group>"; };
		93E329592A98C9E200991843 /* Base */ = {isa = PBXFileReference; lastKnownFileType = file.storyboard; name = Base; path = Base.lproj/Main.storyboard; sourceTree = "<group>"; };
		93E3295B2A98C9E300991843 /* Assets.xcassets */ = {isa = PBXFileReference; lastKnownFileType = folder.assetcatalog; path = Assets.xcassets; sourceTree = "<group>"; };
		93E3295E2A98C9E300991843 /* Base */ = {isa = PBXFileReference; lastKnownFileType = file.storyboard; name = Base; path = Base.lproj/LaunchScreen.storyboard; sourceTree = "<group>"; };
		93E329602A98C9E300991843 /* Info.plist */ = {isa = PBXFileReference; lastKnownFileType = text.plist.xml; path = Info.plist; sourceTree = "<group>"; };
		93E329652A98C9E400991843 /* MoviesTests.xctest */ = {isa = PBXFileReference; explicitFileType = wrapper.cfbundle; includeInIndex = 0; path = MoviesTests.xctest; sourceTree = BUILT_PRODUCTS_DIR; };
		93E329692A98C9E400991843 /* MoviesTests.swift */ = {isa = PBXFileReference; lastKnownFileType = sourcecode.swift; path = MoviesTests.swift; sourceTree = "<group>"; };
		93E3296F2A98C9E400991843 /* MoviesUITests.xctest */ = {isa = PBXFileReference; explicitFileType = wrapper.cfbundle; includeInIndex = 0; path = MoviesUITests.xctest; sourceTree = BUILT_PRODUCTS_DIR; };
		93E329732A98C9E400991843 /* MoviesUITests.swift */ = {isa = PBXFileReference; lastKnownFileType = sourcecode.swift; path = MoviesUITests.swift; sourceTree = "<group>"; };
		93E329752A98C9E400991843 /* MoviesUITestsLaunchTests.swift */ = {isa = PBXFileReference; lastKnownFileType = sourcecode.swift; path = MoviesUITestsLaunchTests.swift; sourceTree = "<group>"; };
		93E329822A98CAB200991843 /* MoviesLaunchScreen.swift */ = {isa = PBXFileReference; lastKnownFileType = sourcecode.swift; path = MoviesLaunchScreen.swift; sourceTree = "<group>"; };
		93E329842A98F3AD00991843 /* Constants.swift */ = {isa = PBXFileReference; lastKnownFileType = sourcecode.swift; path = Constants.swift; sourceTree = "<group>"; };
		93E329862A98F45300991843 /* Extensions.swift */ = {isa = PBXFileReference; lastKnownFileType = sourcecode.swift; path = Extensions.swift; sourceTree = "<group>"; };
		93E3298C2A98F81300991843 /* WelcomeScreen.swift */ = {isa = PBXFileReference; lastKnownFileType = sourcecode.swift; path = WelcomeScreen.swift; sourceTree = "<group>"; };
/* End PBXFileReference section */

/* Begin PBXFrameworksBuildPhase section */
		93E3294C2A98C9E200991843 /* Frameworks */ = {
			isa = PBXFrameworksBuildPhase;
			buildActionMask = 2147483647;
			files = (
				93E3298A2A98F56400991843 /* SnapKit in Frameworks */,
			);
			runOnlyForDeploymentPostprocessing = 0;
		};
		93E329622A98C9E400991843 /* Frameworks */ = {
			isa = PBXFrameworksBuildPhase;
			buildActionMask = 2147483647;
			files = (
			);
			runOnlyForDeploymentPostprocessing = 0;
		};
		93E3296C2A98C9E400991843 /* Frameworks */ = {
			isa = PBXFrameworksBuildPhase;
			buildActionMask = 2147483647;
			files = (
			);
			runOnlyForDeploymentPostprocessing = 0;
		};
/* End PBXFrameworksBuildPhase section */

/* Begin PBXGroup section */
		936ABBC22A9A462300A8466B /* Fonts */ = {
			isa = PBXGroup;
			children = (
				936ABBC32A9A463500A8466B /* OpenSans-Bold.ttf */,
				936ABBC52A9A463500A8466B /* OpenSans-Regular.ttf */,
				9335DF872A9E449700B36397 /* OpenSans-ExtraBold.ttf */,
				936ABBC42A9A463500A8466B /* OpenSans-SemiBold.ttf */,
			);
			path = Fonts;
			sourceTree = "<group>";
		};
		93E329462A98C9E200991843 = {
			isa = PBXGroup;
			children = (
				93E329512A98C9E200991843 /* Movies */,
				93E329682A98C9E400991843 /* MoviesTests */,
				93E329722A98C9E400991843 /* MoviesUITests */,
				93E329502A98C9E200991843 /* Products */,
			);
			sourceTree = "<group>";
		};
		93E329502A98C9E200991843 /* Products */ = {
			isa = PBXGroup;
			children = (
				93E3294F2A98C9E200991843 /* Movies.app */,
				93E329652A98C9E400991843 /* MoviesTests.xctest */,
				93E3296F2A98C9E400991843 /* MoviesUITests.xctest */,
			);
			name = Products;
			sourceTree = "<group>";
		};
		93E329512A98C9E200991843 /* Movies */ = {
			isa = PBXGroup;
			children = (
				93E329522A98C9E200991843 /* AppDelegate.swift */,
				93E329542A98C9E200991843 /* SceneDelegate.swift */,
				93E329562A98C9E200991843 /* ViewController.swift */,
				93E3298B2A98F79700991843 /* View */,
				93E329842A98F3AD00991843 /* Constants.swift */,
				93E329862A98F45300991843 /* Extensions.swift */,
				93E329582A98C9E200991843 /* Main.storyboard */,
				93E3295B2A98C9E300991843 /* Assets.xcassets */,
				93E3295D2A98C9E300991843 /* LaunchScreen.storyboard */,
				93E329602A98C9E300991843 /* Info.plist */,
				936ABBC22A9A462300A8466B /* Fonts */,
			);
			path = Movies;
			sourceTree = "<group>";
		};
		93E329682A98C9E400991843 /* MoviesTests */ = {
			isa = PBXGroup;
			children = (
				93E329692A98C9E400991843 /* MoviesTests.swift */,
			);
			path = MoviesTests;
			sourceTree = "<group>";
		};
		93E329722A98C9E400991843 /* MoviesUITests */ = {
			isa = PBXGroup;
			children = (
				93E329732A98C9E400991843 /* MoviesUITests.swift */,
				93E329752A98C9E400991843 /* MoviesUITestsLaunchTests.swift */,
			);
			path = MoviesUITests;
			sourceTree = "<group>";
		};
		93E3298B2A98F79700991843 /* View */ = {
			isa = PBXGroup;
			children = (
				93E329822A98CAB200991843 /* MoviesLaunchScreen.swift */,
				93E3298C2A98F81300991843 /* WelcomeScreen.swift */,
				9335DF892A9E57D300B36397 /* SearchScreen.swift */,
			);
			path = View;
			sourceTree = "<group>";
		};
/* End PBXGroup section */

/* Begin PBXNativeTarget section */
		93E3294E2A98C9E200991843 /* Movies */ = {
			isa = PBXNativeTarget;
			buildConfigurationList = 93E329792A98C9E400991843 /* Build configuration list for PBXNativeTarget "Movies" */;
			buildPhases = (
				93E3294B2A98C9E200991843 /* Sources */,
				93E3294C2A98C9E200991843 /* Frameworks */,
				93E3294D2A98C9E200991843 /* Resources */,
			);
			buildRules = (
			);
			dependencies = (
			);
			name = Movies;
			packageProductDependencies = (
				93E329892A98F56400991843 /* SnapKit */,
			);
			productName = Movies;
			productReference = 93E3294F2A98C9E200991843 /* Movies.app */;
			productType = "com.apple.product-type.application";
		};
		93E329642A98C9E400991843 /* MoviesTests */ = {
			isa = PBXNativeTarget;
			buildConfigurationList = 93E3297C2A98C9E400991843 /* Build configuration list for PBXNativeTarget "MoviesTests" */;
			buildPhases = (
				93E329612A98C9E400991843 /* Sources */,
				93E329622A98C9E400991843 /* Frameworks */,
				93E329632A98C9E400991843 /* Resources */,
			);
			buildRules = (
			);
			dependencies = (
				93E329672A98C9E400991843 /* PBXTargetDependency */,
			);
			name = MoviesTests;
			productName = MoviesTests;
			productReference = 93E329652A98C9E400991843 /* MoviesTests.xctest */;
			productType = "com.apple.product-type.bundle.unit-test";
		};
		93E3296E2A98C9E400991843 /* MoviesUITests */ = {
			isa = PBXNativeTarget;
			buildConfigurationList = 93E3297F2A98C9E400991843 /* Build configuration list for PBXNativeTarget "MoviesUITests" */;
			buildPhases = (
				93E3296B2A98C9E400991843 /* Sources */,
				93E3296C2A98C9E400991843 /* Frameworks */,
				93E3296D2A98C9E400991843 /* Resources */,
			);
			buildRules = (
			);
			dependencies = (
				93E329712A98C9E400991843 /* PBXTargetDependency */,
			);
			name = MoviesUITests;
			productName = MoviesUITests;
			productReference = 93E3296F2A98C9E400991843 /* MoviesUITests.xctest */;
			productType = "com.apple.product-type.bundle.ui-testing";
		};
/* End PBXNativeTarget section */

/* Begin PBXProject section */
		93E329472A98C9E200991843 /* Project object */ = {
			isa = PBXProject;
			attributes = {
				BuildIndependentTargetsInParallel = 1;
				LastSwiftUpdateCheck = 1430;
				LastUpgradeCheck = 1430;
				TargetAttributes = {
					93E3294E2A98C9E200991843 = {
						CreatedOnToolsVersion = 14.3.1;
					};
					93E329642A98C9E400991843 = {
						CreatedOnToolsVersion = 14.3.1;
						TestTargetID = 93E3294E2A98C9E200991843;
					};
					93E3296E2A98C9E400991843 = {
						CreatedOnToolsVersion = 14.3.1;
						TestTargetID = 93E3294E2A98C9E200991843;
					};
				};
			};
			buildConfigurationList = 93E3294A2A98C9E200991843 /* Build configuration list for PBXProject "Movies" */;
			compatibilityVersion = "Xcode 14.0";
			developmentRegion = en;
			hasScannedForEncodings = 0;
			knownRegions = (
				en,
				Base,
			);
			mainGroup = 93E329462A98C9E200991843;
			packageReferences = (
				93E329882A98F56400991843 /* XCRemoteSwiftPackageReference "SnapKit" */,
			);
			productRefGroup = 93E329502A98C9E200991843 /* Products */;
			projectDirPath = "";
			projectRoot = "";
			targets = (
				93E3294E2A98C9E200991843 /* Movies */,
				93E329642A98C9E400991843 /* MoviesTests */,
				93E3296E2A98C9E400991843 /* MoviesUITests */,
			);
		};
/* End PBXProject section */

/* Begin PBXResourcesBuildPhase section */
		93E3294D2A98C9E200991843 /* Resources */ = {
			isa = PBXResourcesBuildPhase;
			buildActionMask = 2147483647;
			files = (
				93E3295F2A98C9E300991843 /* LaunchScreen.storyboard in Resources */,
				93E3295C2A98C9E300991843 /* Assets.xcassets in Resources */,
				9335DF882A9E449700B36397 /* OpenSans-ExtraBold.ttf in Resources */,
				936ABBC72A9A463500A8466B /* OpenSans-SemiBold.ttf in Resources */,
				936ABBC62A9A463500A8466B /* OpenSans-Bold.ttf in Resources */,
				936ABBC82A9A463500A8466B /* OpenSans-Regular.ttf in Resources */,
				93E3295A2A98C9E200991843 /* Main.storyboard in Resources */,
			);
			runOnlyForDeploymentPostprocessing = 0;
		};
		93E329632A98C9E400991843 /* Resources */ = {
			isa = PBXResourcesBuildPhase;
			buildActionMask = 2147483647;
			files = (
			);
			runOnlyForDeploymentPostprocessing = 0;
		};
		93E3296D2A98C9E400991843 /* Resources */ = {
			isa = PBXResourcesBuildPhase;
			buildActionMask = 2147483647;
			files = (
			);
			runOnlyForDeploymentPostprocessing = 0;
		};
/* End PBXResourcesBuildPhase section */

/* Begin PBXSourcesBuildPhase section */
		93E3294B2A98C9E200991843 /* Sources */ = {
			isa = PBXSourcesBuildPhase;
			buildActionMask = 2147483647;
			files = (
				93E329852A98F3AD00991843 /* Constants.swift in Sources */,
				93E329872A98F45300991843 /* Extensions.swift in Sources */,
				93E329572A98C9E200991843 /* ViewController.swift in Sources */,
				9335DF8A2A9E57D300B36397 /* SearchScreen.swift in Sources */,
				93E329832A98CAB200991843 /* MoviesLaunchScreen.swift in Sources */,
				93E3298D2A98F81300991843 /* WelcomeScreen.swift in Sources */,
				93E329532A98C9E200991843 /* AppDelegate.swift in Sources */,
				93E329552A98C9E200991843 /* SceneDelegate.swift in Sources */,
			);
			runOnlyForDeploymentPostprocessing = 0;
		};
		93E329612A98C9E400991843 /* Sources */ = {
			isa = PBXSourcesBuildPhase;
			buildActionMask = 2147483647;
			files = (
				93E3296A2A98C9E400991843 /* MoviesTests.swift in Sources */,
			);
			runOnlyForDeploymentPostprocessing = 0;
		};
		93E3296B2A98C9E400991843 /* Sources */ = {
			isa = PBXSourcesBuildPhase;
			buildActionMask = 2147483647;
			files = (
				93E329742A98C9E400991843 /* MoviesUITests.swift in Sources */,
				93E329762A98C9E400991843 /* MoviesUITestsLaunchTests.swift in Sources */,
			);
			runOnlyForDeploymentPostprocessing = 0;
		};
/* End PBXSourcesBuildPhase section */

/* Begin PBXTargetDependency section */
		93E329672A98C9E400991843 /* PBXTargetDependency */ = {
			isa = PBXTargetDependency;
			target = 93E3294E2A98C9E200991843 /* Movies */;
			targetProxy = 93E329662A98C9E400991843 /* PBXContainerItemProxy */;
		};
		93E329712A98C9E400991843 /* PBXTargetDependency */ = {
			isa = PBXTargetDependency;
			target = 93E3294E2A98C9E200991843 /* Movies */;
			targetProxy = 93E329702A98C9E400991843 /* PBXContainerItemProxy */;
		};
/* End PBXTargetDependency section */

/* Begin PBXVariantGroup section */
		93E329582A98C9E200991843 /* Main.storyboard */ = {
			isa = PBXVariantGroup;
			children = (
				93E329592A98C9E200991843 /* Base */,
			);
			name = Main.storyboard;
			sourceTree = "<group>";
		};
		93E3295D2A98C9E300991843 /* LaunchScreen.storyboard */ = {
			isa = PBXVariantGroup;
			children = (
				93E3295E2A98C9E300991843 /* Base */,
			);
			name = LaunchScreen.storyboard;
			sourceTree = "<group>";
		};
/* End PBXVariantGroup section */

/* Begin XCBuildConfiguration section */
		93E329772A98C9E400991843 /* Debug */ = {
			isa = XCBuildConfiguration;
			buildSettings = {
				ALWAYS_SEARCH_USER_PATHS = NO;
				CLANG_ANALYZER_NONNULL = YES;
				CLANG_ANALYZER_NUMBER_OBJECT_CONVERSION = YES_AGGRESSIVE;
				CLANG_CXX_LANGUAGE_STANDARD = "gnu++20";
				CLANG_ENABLE_MODULES = YES;
				CLANG_ENABLE_OBJC_ARC = YES;
				CLANG_ENABLE_OBJC_WEAK = YES;
				CLANG_WARN_BLOCK_CAPTURE_AUTORELEASING = YES;
				CLANG_WARN_BOOL_CONVERSION = YES;
				CLANG_WARN_COMMA = YES;
				CLANG_WARN_CONSTANT_CONVERSION = YES;
				CLANG_WARN_DEPRECATED_OBJC_IMPLEMENTATIONS = YES;
				CLANG_WARN_DIRECT_OBJC_ISA_USAGE = YES_ERROR;
				CLANG_WARN_DOCUMENTATION_COMMENTS = YES;
				CLANG_WARN_EMPTY_BODY = YES;
				CLANG_WARN_ENUM_CONVERSION = YES;
				CLANG_WARN_INFINITE_RECURSION = YES;
				CLANG_WARN_INT_CONVERSION = YES;
				CLANG_WARN_NON_LITERAL_NULL_CONVERSION = YES;
				CLANG_WARN_OBJC_IMPLICIT_RETAIN_SELF = YES;
				CLANG_WARN_OBJC_LITERAL_CONVERSION = YES;
				CLANG_WARN_OBJC_ROOT_CLASS = YES_ERROR;
				CLANG_WARN_QUOTED_INCLUDE_IN_FRAMEWORK_HEADER = YES;
				CLANG_WARN_RANGE_LOOP_ANALYSIS = YES;
				CLANG_WARN_STRICT_PROTOTYPES = YES;
				CLANG_WARN_SUSPICIOUS_MOVE = YES;
				CLANG_WARN_UNGUARDED_AVAILABILITY = YES_AGGRESSIVE;
				CLANG_WARN_UNREACHABLE_CODE = YES;
				CLANG_WARN__DUPLICATE_METHOD_MATCH = YES;
				COPY_PHASE_STRIP = NO;
				DEBUG_INFORMATION_FORMAT = dwarf;
				ENABLE_STRICT_OBJC_MSGSEND = YES;
				ENABLE_TESTABILITY = YES;
				GCC_C_LANGUAGE_STANDARD = gnu11;
				GCC_DYNAMIC_NO_PIC = NO;
				GCC_NO_COMMON_BLOCKS = YES;
				GCC_OPTIMIZATION_LEVEL = 0;
				GCC_PREPROCESSOR_DEFINITIONS = (
					"DEBUG=1",
					"$(inherited)",
				);
				GCC_WARN_64_TO_32_BIT_CONVERSION = YES;
				GCC_WARN_ABOUT_RETURN_TYPE = YES_ERROR;
				GCC_WARN_UNDECLARED_SELECTOR = YES;
				GCC_WARN_UNINITIALIZED_AUTOS = YES_AGGRESSIVE;
				GCC_WARN_UNUSED_FUNCTION = YES;
				GCC_WARN_UNUSED_VARIABLE = YES;
				IPHONEOS_DEPLOYMENT_TARGET = 16.4;
				MTL_ENABLE_DEBUG_INFO = INCLUDE_SOURCE;
				MTL_FAST_MATH = YES;
				ONLY_ACTIVE_ARCH = YES;
				SDKROOT = iphoneos;
				SWIFT_ACTIVE_COMPILATION_CONDITIONS = DEBUG;
				SWIFT_OPTIMIZATION_LEVEL = "-Onone";
			};
			name = Debug;
		};
		93E329782A98C9E400991843 /* Release */ = {
			isa = XCBuildConfiguration;
			buildSettings = {
				ALWAYS_SEARCH_USER_PATHS = NO;
				CLANG_ANALYZER_NONNULL = YES;
				CLANG_ANALYZER_NUMBER_OBJECT_CONVERSION = YES_AGGRESSIVE;
				CLANG_CXX_LANGUAGE_STANDARD = "gnu++20";
				CLANG_ENABLE_MODULES = YES;
				CLANG_ENABLE_OBJC_ARC = YES;
				CLANG_ENABLE_OBJC_WEAK = YES;
				CLANG_WARN_BLOCK_CAPTURE_AUTORELEASING = YES;
				CLANG_WARN_BOOL_CONVERSION = YES;
				CLANG_WARN_COMMA = YES;
				CLANG_WARN_CONSTANT_CONVERSION = YES;
				CLANG_WARN_DEPRECATED_OBJC_IMPLEMENTATIONS = YES;
				CLANG_WARN_DIRECT_OBJC_ISA_USAGE = YES_ERROR;
				CLANG_WARN_DOCUMENTATION_COMMENTS = YES;
				CLANG_WARN_EMPTY_BODY = YES;
				CLANG_WARN_ENUM_CONVERSION = YES;
				CLANG_WARN_INFINITE_RECURSION = YES;
				CLANG_WARN_INT_CONVERSION = YES;
				CLANG_WARN_NON_LITERAL_NULL_CONVERSION = YES;
				CLANG_WARN_OBJC_IMPLICIT_RETAIN_SELF = YES;
				CLANG_WARN_OBJC_LITERAL_CONVERSION = YES;
				CLANG_WARN_OBJC_ROOT_CLASS = YES_ERROR;
				CLANG_WARN_QUOTED_INCLUDE_IN_FRAMEWORK_HEADER = YES;
				CLANG_WARN_RANGE_LOOP_ANALYSIS = YES;
				CLANG_WARN_STRICT_PROTOTYPES = YES;
				CLANG_WARN_SUSPICIOUS_MOVE = YES;
				CLANG_WARN_UNGUARDED_AVAILABILITY = YES_AGGRESSIVE;
				CLANG_WARN_UNREACHABLE_CODE = YES;
				CLANG_WARN__DUPLICATE_METHOD_MATCH = YES;
				COPY_PHASE_STRIP = NO;
				DEBUG_INFORMATION_FORMAT = "dwarf-with-dsym";
				ENABLE_NS_ASSERTIONS = NO;
				ENABLE_STRICT_OBJC_MSGSEND = YES;
				GCC_C_LANGUAGE_STANDARD = gnu11;
				GCC_NO_COMMON_BLOCKS = YES;
				GCC_WARN_64_TO_32_BIT_CONVERSION = YES;
				GCC_WARN_ABOUT_RETURN_TYPE = YES_ERROR;
				GCC_WARN_UNDECLARED_SELECTOR = YES;
				GCC_WARN_UNINITIALIZED_AUTOS = YES_AGGRESSIVE;
				GCC_WARN_UNUSED_FUNCTION = YES;
				GCC_WARN_UNUSED_VARIABLE = YES;
				IPHONEOS_DEPLOYMENT_TARGET = 16.4;
				MTL_ENABLE_DEBUG_INFO = NO;
				MTL_FAST_MATH = YES;
				SDKROOT = iphoneos;
				SWIFT_COMPILATION_MODE = wholemodule;
				SWIFT_OPTIMIZATION_LEVEL = "-O";
				VALIDATE_PRODUCT = YES;
			};
			name = Release;
		};
		93E3297A2A98C9E400991843 /* Debug */ = {
			isa = XCBuildConfiguration;
			buildSettings = {
				ASSETCATALOG_COMPILER_APPICON_NAME = AppIcon;
				ASSETCATALOG_COMPILER_GLOBAL_ACCENT_COLOR_NAME = AccentColor;
				CODE_SIGN_STYLE = Automatic;
				CURRENT_PROJECT_VERSION = 1;
				DEVELOPMENT_TEAM = 63ZB4894ZK;
				GENERATE_INFOPLIST_FILE = YES;
				INFOPLIST_FILE = Movies/Info.plist;
				INFOPLIST_KEY_UIApplicationSupportsIndirectInputEvents = YES;
				INFOPLIST_KEY_UILaunchStoryboardName = LaunchScreen;
				INFOPLIST_KEY_UIMainStoryboardFile = Main;
				INFOPLIST_KEY_UISupportedInterfaceOrientations_iPad = "UIInterfaceOrientationPortrait UIInterfaceOrientationPortraitUpsideDown UIInterfaceOrientationLandscapeLeft UIInterfaceOrientationLandscapeRight";
				INFOPLIST_KEY_UISupportedInterfaceOrientations_iPhone = "UIInterfaceOrientationPortrait UIInterfaceOrientationLandscapeLeft UIInterfaceOrientationLandscapeRight";
				LD_RUNPATH_SEARCH_PATHS = (
					"$(inherited)",
					"@executable_path/Frameworks",
				);
				MARKETING_VERSION = 1.0;
				PRODUCT_BUNDLE_IDENTIFIER = com.testapp.Movies;
				PRODUCT_NAME = "$(TARGET_NAME)";
				SWIFT_EMIT_LOC_STRINGS = YES;
				SWIFT_VERSION = 5.0;
				TARGETED_DEVICE_FAMILY = "1,2";
			};
			name = Debug;
		};
		93E3297B2A98C9E400991843 /* Release */ = {
			isa = XCBuildConfiguration;
			buildSettings = {
				ASSETCATALOG_COMPILER_APPICON_NAME = AppIcon;
				ASSETCATALOG_COMPILER_GLOBAL_ACCENT_COLOR_NAME = AccentColor;
				CODE_SIGN_STYLE = Automatic;
				CURRENT_PROJECT_VERSION = 1;
				DEVELOPMENT_TEAM = 63ZB4894ZK;
				GENERATE_INFOPLIST_FILE = YES;
				INFOPLIST_FILE = Movies/Info.plist;
				INFOPLIST_KEY_UIApplicationSupportsIndirectInputEvents = YES;
				INFOPLIST_KEY_UILaunchStoryboardName = LaunchScreen;
				INFOPLIST_KEY_UIMainStoryboardFile = Main;
				INFOPLIST_KEY_UISupportedInterfaceOrientations_iPad = "UIInterfaceOrientationPortrait UIInterfaceOrientationPortraitUpsideDown UIInterfaceOrientationLandscapeLeft UIInterfaceOrientationLandscapeRight";
				INFOPLIST_KEY_UISupportedInterfaceOrientations_iPhone = "UIInterfaceOrientationPortrait UIInterfaceOrientationLandscapeLeft UIInterfaceOrientationLandscapeRight";
				LD_RUNPATH_SEARCH_PATHS = (
					"$(inherited)",
					"@executable_path/Frameworks",
				);
				MARKETING_VERSION = 1.0;
				PRODUCT_BUNDLE_IDENTIFIER = com.testapp.Movies;
				PRODUCT_NAME = "$(TARGET_NAME)";
				SWIFT_EMIT_LOC_STRINGS = YES;
				SWIFT_VERSION = 5.0;
				TARGETED_DEVICE_FAMILY = "1,2";
			};
			name = Release;
		};
		93E3297D2A98C9E400991843 /* Debug */ = {
			isa = XCBuildConfiguration;
			buildSettings = {
				ALWAYS_EMBED_SWIFT_STANDARD_LIBRARIES = YES;
				BUNDLE_LOADER = "$(TEST_HOST)";
				CODE_SIGN_STYLE = Automatic;
				CURRENT_PROJECT_VERSION = 1;
				DEVELOPMENT_TEAM = 63ZB4894ZK;
				GENERATE_INFOPLIST_FILE = YES;
				IPHONEOS_DEPLOYMENT_TARGET = 16.4;
				MARKETING_VERSION = 1.0;
				PRODUCT_BUNDLE_IDENTIFIER = com.testapp.MoviesTests;
				PRODUCT_NAME = "$(TARGET_NAME)";
				SWIFT_EMIT_LOC_STRINGS = NO;
				SWIFT_VERSION = 5.0;
				TARGETED_DEVICE_FAMILY = "1,2";
				TEST_HOST = "$(BUILT_PRODUCTS_DIR)/Movies.app/$(BUNDLE_EXECUTABLE_FOLDER_PATH)/Movies";
			};
			name = Debug;
		};
		93E3297E2A98C9E400991843 /* Release */ = {
			isa = XCBuildConfiguration;
			buildSettings = {
				ALWAYS_EMBED_SWIFT_STANDARD_LIBRARIES = YES;
				BUNDLE_LOADER = "$(TEST_HOST)";
				CODE_SIGN_STYLE = Automatic;
				CURRENT_PROJECT_VERSION = 1;
				DEVELOPMENT_TEAM = 63ZB4894ZK;
				GENERATE_INFOPLIST_FILE = YES;
				IPHONEOS_DEPLOYMENT_TARGET = 16.4;
				MARKETING_VERSION = 1.0;
				PRODUCT_BUNDLE_IDENTIFIER = com.testapp.MoviesTests;
				PRODUCT_NAME = "$(TARGET_NAME)";
				SWIFT_EMIT_LOC_STRINGS = NO;
				SWIFT_VERSION = 5.0;
				TARGETED_DEVICE_FAMILY = "1,2";
				TEST_HOST = "$(BUILT_PRODUCTS_DIR)/Movies.app/$(BUNDLE_EXECUTABLE_FOLDER_PATH)/Movies";
			};
			name = Release;
		};
		93E329802A98C9E400991843 /* Debug */ = {
			isa = XCBuildConfiguration;
			buildSettings = {
				ALWAYS_EMBED_SWIFT_STANDARD_LIBRARIES = YES;
				CODE_SIGN_STYLE = Automatic;
				CURRENT_PROJECT_VERSION = 1;
				DEVELOPMENT_TEAM = 63ZB4894ZK;
				GENERATE_INFOPLIST_FILE = YES;
				MARKETING_VERSION = 1.0;
				PRODUCT_BUNDLE_IDENTIFIER = com.testapp.MoviesUITests;
				PRODUCT_NAME = "$(TARGET_NAME)";
				SWIFT_EMIT_LOC_STRINGS = NO;
				SWIFT_VERSION = 5.0;
				TARGETED_DEVICE_FAMILY = "1,2";
				TEST_TARGET_NAME = Movies;
			};
			name = Debug;
		};
		93E329812A98C9E400991843 /* Release */ = {
			isa = XCBuildConfiguration;
			buildSettings = {
				ALWAYS_EMBED_SWIFT_STANDARD_LIBRARIES = YES;
				CODE_SIGN_STYLE = Automatic;
				CURRENT_PROJECT_VERSION = 1;
				DEVELOPMENT_TEAM = 63ZB4894ZK;
				GENERATE_INFOPLIST_FILE = YES;
				MARKETING_VERSION = 1.0;
				PRODUCT_BUNDLE_IDENTIFIER = com.testapp.MoviesUITests;
				PRODUCT_NAME = "$(TARGET_NAME)";
				SWIFT_EMIT_LOC_STRINGS = NO;
				SWIFT_VERSION = 5.0;
				TARGETED_DEVICE_FAMILY = "1,2";
				TEST_TARGET_NAME = Movies;
			};
			name = Release;
		};
/* End XCBuildConfiguration section */

/* Begin XCConfigurationList section */
		93E3294A2A98C9E200991843 /* Build configuration list for PBXProject "Movies" */ = {
			isa = XCConfigurationList;
			buildConfigurations = (
				93E329772A98C9E400991843 /* Debug */,
				93E329782A98C9E400991843 /* Release */,
			);
			defaultConfigurationIsVisible = 0;
			defaultConfigurationName = Release;
		};
		93E329792A98C9E400991843 /* Build configuration list for PBXNativeTarget "Movies" */ = {
			isa = XCConfigurationList;
			buildConfigurations = (
				93E3297A2A98C9E400991843 /* Debug */,
				93E3297B2A98C9E400991843 /* Release */,
			);
			defaultConfigurationIsVisible = 0;
			defaultConfigurationName = Release;
		};
		93E3297C2A98C9E400991843 /* Build configuration list for PBXNativeTarget "MoviesTests" */ = {
			isa = XCConfigurationList;
			buildConfigurations = (
				93E3297D2A98C9E400991843 /* Debug */,
				93E3297E2A98C9E400991843 /* Release */,
			);
			defaultConfigurationIsVisible = 0;
			defaultConfigurationName = Release;
		};
		93E3297F2A98C9E400991843 /* Build configuration list for PBXNativeTarget "MoviesUITests" */ = {
			isa = XCConfigurationList;
			buildConfigurations = (
				93E329802A98C9E400991843 /* Debug */,
				93E329812A98C9E400991843 /* Release */,
			);
			defaultConfigurationIsVisible = 0;
			defaultConfigurationName = Release;
		};
/* End XCConfigurationList section */

/* Begin XCRemoteSwiftPackageReference section */
		93E329882A98F56400991843 /* XCRemoteSwiftPackageReference "SnapKit" */ = {
			isa = XCRemoteSwiftPackageReference;
			repositoryURL = "https://github.com/SnapKit/SnapKit";
			requirement = {
				kind = upToNextMajorVersion;
				minimumVersion = 5.0.0;
			};
		};
/* End XCRemoteSwiftPackageReference section */

/* Begin XCSwiftPackageProductDependency section */
		93E329892A98F56400991843 /* SnapKit */ = {
			isa = XCSwiftPackageProductDependency;
			package = 93E329882A98F56400991843 /* XCRemoteSwiftPackageReference "SnapKit" */;
			productName = SnapKit;
		};
/* End XCSwiftPackageProductDependency section */
	};
	rootObject = 93E329472A98C9E200991843 /* Project object */;
}
